// !$*UTF8*$!
{
	archiveVersion = 1;
	classes = {
	};
	objectVersion = 46;
	objects = {

/* Begin PBXBuildFile section */
		F699D99D1ECAB84300506202 /* AppDelegate.swift in Sources */ = {isa = PBXBuildFile; fileRef = F699D99C1ECAB84300506202 /* AppDelegate.swift */; };
		F699D99F1ECAB84300506202 /* ViewController.swift in Sources */ = {isa = PBXBuildFile; fileRef = F699D99E1ECAB84300506202 /* ViewController.swift */; };
		F699D9A21ECAB84300506202 /* Main.storyboard in Resources */ = {isa = PBXBuildFile; fileRef = F699D9A01ECAB84300506202 /* Main.storyboard */; };
		F699D9A41ECAB84300506202 /* Assets.xcassets in Resources */ = {isa = PBXBuildFile; fileRef = F699D9A31ECAB84300506202 /* Assets.xcassets */; };
		F699D9A71ECAB84300506202 /* LaunchScreen.storyboard in Resources */ = {isa = PBXBuildFile; fileRef = F699D9A51ECAB84300506202 /* LaunchScreen.storyboard */; };
/* End PBXBuildFile section */

/* Begin PBXFileReference section */
		F699D9991ECAB84300506202 /* Party Rock.app */ = {isa = PBXFileReference; explicitFileType = wrapper.application; includeInIndex = 0; path = "Party Rock.app"; sourceTree = BUILT_PRODUCTS_DIR; };
		F699D99C1ECAB84300506202 /* AppDelegate.swift */ = {isa = PBXFileReference; lastKnownFileType = sourcecode.swift; path = AppDelegate.swift; sourceTree = "<group>"; };
		F699D99E1ECAB84300506202 /* ViewController.swift */ = {isa = PBXFileReference; lastKnownFileType = sourcecode.swift; path = ViewController.swift; sourceTree = "<group>"; };
		F699D9A11ECAB84300506202 /* Base */ = {isa = PBXFileReference; lastKnownFileType = file.storyboard; name = Base; path = Base.lproj/Main.storyboard; sourceTree = "<group>"; };
		F699D9A31ECAB84300506202 /* Assets.xcassets */ = {isa = PBXFileReference; lastKnownFileType = folder.assetcatalog; path = Assets.xcassets; sourceTree = "<group>"; };
		F699D9A61ECAB84300506202 /* Base */ = {isa = PBXFileReference; lastKnownFileType = file.storyboard; name = Base; path = Base.lproj/LaunchScreen.storyboard; sourceTree = "<group>"; };
		F699D9A81ECAB84300506202 /* Info.plist */ = {isa = PBXFileReference; lastKnownFileType = text.plist.xml; path = Info.plist; sourceTree = "<group>"; };
/* End PBXFileReference section */

/* Begin PBXFrameworksBuildPhase section */
		F699D9961ECAB84300506202 /* Frameworks */ = {
			isa = PBXFrameworksBuildPhase;
			buildActionMask = 2147483647;
			files = (
			);
			runOnlyForDeploymentPostprocessing = 0;
		};
/* End PBXFrameworksBuildPhase section */

/* Begin PBXGroup section */
		F699D9901ECAB84300506202 = {
			isa = PBXGroup;
			children = (
				F699D99B1ECAB84300506202 /* Party Rock */,
				F699D99A1ECAB84300506202 /* Products */,
			);
			sourceTree = "<group>";
		};
		F699D99A1ECAB84300506202 /* Products */ = {
			isa = PBXGroup;
			children = (
				F699D9991ECAB84300506202 /* Party Rock.app */,
			);
			name = Products;
			sourceTree = "<group>";
		};
		F699D99B1ECAB84300506202 /* Party Rock */ = {
			isa = PBXGroup;
			children = (
				F699D99C1ECAB84300506202 /* AppDelegate.swift */,
				F699D99E1ECAB84300506202 /* ViewController.swift */,
				F699D9A01ECAB84300506202 /* Main.storyboard */,
				F699D9A31ECAB84300506202 /* Assets.xcassets */,
				F699D9A51ECAB84300506202 /* LaunchScreen.storyboard */,
				F699D9A81ECAB84300506202 /* Info.plist */,
			);
			path = "Party Rock";
			sourceTree = "<group>";
		};
/* End PBXGroup section */

/* Begin PBXNativeTarget section */
		F699D9981ECAB84300506202 /* Party Rock */ = {
			isa = PBXNativeTarget;
			buildConfigurationList = F699D9AB1ECAB84300506202 /* Build configuration list for PBXNativeTarget "Party Rock" */;
			buildPhases = (
				F699D9951ECAB84300506202 /* Sources */,
				F699D9961ECAB84300506202 /* Frameworks */,
				F699D9971ECAB84300506202 /* Resources */,
			);
			buildRules = (
			);
			dependencies = (
			);
			name = "Party Rock";
			productName = "Party Rock";
			productReference = F699D9991ECAB84300506202 /* Party Rock.app */;
			productType = "com.apple.product-type.application";
		};
/* End PBXNativeTarget section */

/* Begin PBXProject section */
		F699D9911ECAB84300506202 /* Project object */ = {
			isa = PBXProject;
			attributes = {
				LastSwiftUpdateCheck = 0830;
				LastUpgradeCheck = 0830;
				ORGANIZATIONNAME = "Lane Faison";
				TargetAttributes = {
					F699D9981ECAB84300506202 = {
						CreatedOnToolsVersion = 8.3.2;
						DevelopmentTeam = GW32FNEFP3;
						ProvisioningStyle = Automatic;
					};
				};
			};
			buildConfigurationList = F699D9941ECAB84300506202 /* Build configuration list for PBXProject "Party Rock" */;
			compatibilityVersion = "Xcode 3.2";
			developmentRegion = English;
			hasScannedForEncodings = 0;
			knownRegions = (
				en,
				Base,
			);
			mainGroup = F699D9901ECAB84300506202;
			productRefGroup = F699D99A1ECAB84300506202 /* Products */;
			projectDirPath = "";
			projectRoot = "";
			targets = (
				F699D9981ECAB84300506202 /* Party Rock */,
			);
		};
/* End PBXProject section */

/* Begin PBXResourcesBuildPhase section */
		F699D9971ECAB84300506202 /* Resources */ = {
			isa = PBXResourcesBuildPhase;
			buildActionMask = 2147483647;
			files = (
				F699D9A71ECAB84300506202 /* LaunchScreen.storyboard in Resources */,
				F699D9A41ECAB84300506202 /* Assets.xcassets in Resources */,
				F699D9A21ECAB84300506202 /* Main.storyboard in Resources */,
			);
			runOnlyForDeploymentPostprocessing = 0;
		};
/* End PBXResourcesBuildPhase section */

/* Begin PBXSourcesBuildPhase section */
		F699D9951ECAB84300506202 /* Sources */ = {
			isa = PBXSourcesBuildPhase;
			buildActionMask = 2147483647;
			files = (
				F699D99F1ECAB84300506202 /* ViewController.swift in Sources */,
				F699D99D1ECAB84300506202 /* AppDelegate.swift in Sources */,
			);
			runOnlyForDeploymentPostprocessing = 0;
		};
/* End PBXSourcesBuildPhase section */

/* Begin PBXVariantGroup section */
		F699D9A01ECAB84300506202 /* Main.storyboard */ = {
			isa = PBXVariantGroup;
			children = (
				F699D9A11ECAB84300506202 /* Base */,
			);
			name = Main.storyboard;
			sourceTree = "<group>";
		};
		F699D9A51ECAB84300506202 /* LaunchScreen.storyboard */ = {
			isa = PBXVariantGroup;
			children = (
				F699D9A61ECAB84300506202 /* Base */,
			);
			name = LaunchScreen.storyboard;
			sourceTree = "<group>";
		};
/* End PBXVariantGroup section */

/* Begin XCBuildConfiguration section */
		F699D9A91ECAB84300506202 /* Debug */ = {
			isa = XCBuildConfiguration;
			buildSettings = {
				ALWAYS_SEARCH_USER_PATHS = NO;
				CLANG_ANALYZER_NONNULL = YES;
				CLANG_ANALYZER_NUMBER_OBJECT_CONVERSION = YES_AGGRESSIVE;
				CLANG_CXX_LANGUAGE_STANDARD = "gnu++0x";
				CLANG_CXX_LIBRARY = "libc++";
				CLANG_ENABLE_MODULES = YES;
				CLANG_ENABLE_OBJC_ARC = YES;
				CLANG_WARN_BOOL_CONVERSION = YES;
				CLANG_WARN_CONSTANT_CONVERSION = YES;
				CLANG_WARN_DIRECT_OBJC_ISA_USAGE = YES_ERROR;
				CLANG_WARN_DOCUMENTATION_COMMENTS = YES;
				CLANG_WARN_EMPTY_BODY = YES;
				CLANG_WARN_ENUM_CONVERSION = YES;
				CLANG_WARN_INFINITE_RECURSION = YES;
				CLANG_WARN_INT_CONVERSION = YES;
				CLANG_WARN_OBJC_ROOT_CLASS = YES_ERROR;
				CLANG_WARN_SUSPICIOUS_MOVE = YES;
				CLANG_WARN_UNREACHABLE_CODE = YES;
				CLANG_WARN__DUPLICATE_METHOD_MATCH = YES;
				"CODE_SIGN_IDENTITY[sdk=iphoneos*]" = "iPhone Developer";
				COPY_PHASE_STRIP = NO;
				DEBUG_INFORMATION_FORMAT = dwarf;
				ENABLE_STRICT_OBJC_MSGSEND = YES;
				ENABLE_TESTABILITY = YES;
				GCC_C_LANGUAGE_STANDARD = gnu99;
				GCC_DYNAMIC_NO_PIC = NO;
				GCC_NO_COMMON_BLOCKS = YES;
				GCC_OPTIMIZATION_LEVEL = 0;
				GCC_PREPROCESSOR_DEFINITIONS = (
					"DEBUG=1",
					"$(inherited)",
				);
				GCC_WARN_64_TO_32_BIT_CONVERSION = YES;
				GCC_WARN_ABOUT_RETURN_TYPE = YES_ERROR;
				GCC_WARN_UNDECLARED_SELECTOR = YES;
				GCC_WARN_UNINITIALIZED_AUTOS = YES_AGGRESSIVE;
				GCC_WARN_UNUSED_FUNCTION = YES;
				GCC_WARN_UNUSED_VARIABLE = YES;
				IPHONEOS_DEPLOYMENT_TARGET = 10.3;
				MTL_ENABLE_DEBUG_INFO = YES;
				ONLY_ACTIVE_ARCH = YES;
				SDKROOT = iphoneos;
				SWIFT_ACTIVE_COMPILATION_CONDITIONS = DEBUG;
				SWIFT_OPTIMIZATION_LEVEL = "-Onone";
			};
			name = Debug;
		};
		F699D9AA1ECAB84300506202 /* Release */ = {
			isa = XCBuildConfiguration;
			buildSettings = {
				ALWAYS_SEARCH_USER_PATHS = NO;
				CLANG_ANALYZER_NONNULL = YES;
				CLANG_ANALYZER_NUMBER_OBJECT_CONVERSION = YES_AGGRESSIVE;
				CLANG_CXX_LANGUAGE_STANDARD = "gnu++0x";
				CLANG_CXX_LIBRARY = "libc++";
				CLANG_ENABLE_MODULES = YES;
				CLANG_ENABLE_OBJC_ARC = YES;
				CLANG_WARN_BOOL_CONVERSION = YES;
				CLANG_WARN_CONSTANT_CONVERSION = YES;
				CLANG_WARN_DIRECT_OBJC_ISA_USAGE = YES_ERROR;
				CLANG_WARN_DOCUMENTATION_COMMENTS = YES;
				CLANG_WARN_EMPTY_BODY = YES;
				CLANG_WARN_ENUM_CONVERSION = YES;
				CLANG_WARN_INFINITE_RECURSION = YES;
				CLANG_WARN_INT_CONVERSION = YES;
				CLANG_WARN_OBJC_ROOT_CLASS = YES_ERROR;
				CLANG_WARN_SUSPICIOUS_MOVE = YES;
				CLANG_WARN_UNREACHABLE_CODE = YES;
				CLANG_WARN__DUPLICATE_METHOD_MATCH = YES;
				"CODE_SIGN_IDENTITY[sdk=iphoneos*]" = "iPhone Developer";
				COPY_PHASE_STRIP = NO;
				DEBUG_INFORMATION_FORMAT = "dwarf-with-dsym";
				ENABLE_NS_ASSERTIONS = NO;
				ENABLE_STRICT_OBJC_MSGSEND = YES;
				GCC_C_LANGUAGE_STANDARD = gnu99;
				GCC_NO_COMMON_BLOCKS = YES;
				GCC_WARN_64_TO_32_BIT_CONVERSION = YES;
				GCC_WARN_ABOUT_RETURN_TYPE = YES_ERROR;
				GCC_WARN_UNDECLARED_SELECTOR = YES;
				GCC_WARN_UNINITIALIZED_AUTOS = YES_AGGRESSIVE;
				GCC_WARN_UNUSED_FUNCTION = YES;
				GCC_WARN_UNUSED_VARIABLE = YES;
				IPHONEOS_DEPLOYMENT_TARGET = 10.3;
				MTL_ENABLE_DEBUG_INFO = NO;
				SDKROOT = iphoneos;
				SWIFT_OPTIMIZATION_LEVEL = "-Owholemodule";
				VALIDATE_PRODUCT = YES;
			};
			name = Release;
		};
		F699D9AC1ECAB84300506202 /* Debug */ = {
			isa = XCBuildConfiguration;
			buildSettings = {
				ASSETCATALOG_COMPILER_APPICON_NAME = AppIcon;
				DEVELOPMENT_TEAM = GW32FNEFP3;
				INFOPLIST_FILE = "Party Rock/Info.plist";
				LD_RUNPATH_SEARCH_PATHS = "$(inherited) @executable_path/Frameworks";
				PRODUCT_BUNDLE_IDENTIFIER = "com.lanefaison.Party-Rock";
				PRODUCT_NAME = "$(TARGET_NAME)";
				SWIFT_VERSION = 3.0;
			};
			name = Debug;
		};
		F699D9AD1ECAB84300506202 /* Release */ = {
			isa = XCBuildConfiguration;
			buildSettings = {
				ASSETCATALOG_COMPILER_APPICON_NAME = AppIcon;
				DEVELOPMENT_TEAM = GW32FNEFP3;
				INFOPLIST_FILE = "Party Rock/Info.plist";
				LD_RUNPATH_SEARCH_PATHS = "$(inherited) @executable_path/Frameworks";
				PRODUCT_BUNDLE_IDENTIFIER = "com.lanefaison.Party-Rock";
				PRODUCT_NAME = "$(TARGET_NAME)";
				SWIFT_VERSION = 3.0;
			};
			name = Release;
		};
/* End XCBuildConfiguration section */

/* Begin XCConfigurationList section */
		F699D9941ECAB84300506202 /* Build configuration list for PBXProject "Party Rock" */ = {
			isa = XCConfigurationList;
			buildConfigurations = (
				F699D9A91ECAB84300506202 /* Debug */,
				F699D9AA1ECAB84300506202 /* Release */,
			);
			defaultConfigurationIsVisible = 0;
			defaultConfigurationName = Release;
		};
		F699D9AB1ECAB84300506202 /* Build configuration list for PBXNativeTarget "Party Rock" */ = {
			isa = XCConfigurationList;
			buildConfigurations = (
				F699D9AC1ECAB84300506202 /* Debug */,
				F699D9AD1ECAB84300506202 /* Release */,
			);
			defaultConfigurationIsVisible = 0;
		};
/* End XCConfigurationList section */
	};
	rootObject = F699D9911ECAB84300506202 /* Project object */;
}
